
Microsoft Visual Studio Solution File, Format Version 12.00
# Visual Studio 15
VisualStudioVersion = 15.0.27428.2015
MinimumVisualStudioVersion = 10.0.40219.1
Project("{FAE04EC0-301F-11D3-BF4B-00C04F79EFBC}") = "APITest", "APITest\APITest.csproj", "{5080B768-4FEE-4E33-A575-80DAA4D72D72}"
EndProject
Global
	GlobalSection(SolutionConfigurationPlatforms) = preSolution
		Debug|Any CPU = Debug|Any CPU
		Release|Any CPU = Release|Any CPU
	EndGlobalSection
	GlobalSection(ProjectConfigurationPlatforms) = postSolution
		{5080B768-4FEE-4E33-A575-80DAA4D72D72}.Debug|Any CPU.ActiveCfg = Debug|Any CPU
		{5080B768-4FEE-4E33-A575-80DAA4D72D72}.Debug|Any CPU.Build.0 = Debug|Any CPU
		{5080B768-4FEE-4E33-A575-80DAA4D72D72}.Release|Any CPU.ActiveCfg = Release|Any CPU
		{5080B768-4FEE-4E33-A575-80DAA4D72D72}.Release|Any CPU.Build.0 = Release|Any CPU
	EndGlobalSection
	GlobalSection(SolutionProperties) = preSolution
		HideSolutionNode = FALSE
	EndGlobalSection
	GlobalSection(ExtensibilityGlobals) = postSolution
		SolutionGuid = {D9B3968A-6290-407C-8414-E29ABECA7312}
	EndGlobalSection
EndGlobal
